
Microsoft Visual Studio Solution File, Format Version 12.00
# Visual Studio Version 17
VisualStudioVersion = 17.7.34003.232
MinimumVisualStudioVersion = 10.0.40219.1
Project("{9A19103F-16F7-4668-BE54-9A1E7A4F7556}") = "Interview-prep", "Interview-prep.csproj", "{15FFF9A1-BA74-43A7-9912-CA34BD395C79}"
EndProject
Project("{FAE04EC0-301F-11D3-BF4B-00C04F79EFBC}") = "UnitTestProject1", "..\UnitTestProject1\UnitTestProject1.csproj", "{0F246526-C668-46D5-9F49-DCC999D977BE}"
EndProject
Project("{9A19103F-16F7-4668-BE54-9A1E7A4F7556}") = "Algorithm", "..\Algorithm\Algorithm.csproj", "{0175C4A1-321E-4F0F-8745-EEDD2BD2F8BF}"
EndProject
Project("{9A19103F-16F7-4668-BE54-9A1E7A4F7556}") = "LottoConsoleApp", "..\LottoConsoleApp\LottoConsoleApp.csproj", "{3CAFDB4F-8C08-4780-A9A8-1CC5A3402934}"
EndProject
Project("{9A19103F-16F7-4668-BE54-9A1E7A4F7556}") = "Prep2-circularRef", "..\Prep2-circularRef\Prep2-circularRef.csproj", "{4E8AAC40-4353-422D-BD0F-6A9A7BAA262D}"
EndProject
Project("{FAE04EC0-301F-11D3-BF4B-00C04F79EFBC}") = "UnitTestProject2", "..\UnitTestProject2\UnitTestProject2.csproj", "{7444502D-28B1-4355-8059-AC37A833CE6A}"
EndProject
Project("{9A19103F-16F7-4668-BE54-9A1E7A4F7556}") = "testApp1", "..\testApp1\testApp1.csproj", "{76EF8847-3604-4036-9715-2695D0715D41}"
EndProject
Project("{9A19103F-16F7-4668-BE54-9A1E7A4F7556}") = "FindMissingNumber", "..\FindMissingNumber\FindMissingNumber.csproj", "{E73CA7FB-79A6-4569-B9EB-7467FF11EAE5}"
EndProject
Project("{9A19103F-16F7-4668-BE54-9A1E7A4F7556}") = "MultiThreadApp", "..\MultiThreadApp\MultiThreadApp.csproj", "{7CED9C62-A6B3-4AD0-9405-100098E144F2}"
EndProject
Project("{9A19103F-16F7-4668-BE54-9A1E7A4F7556}") = "WebScrapperApp", "..\WebScrapperApp\WebScrapperApp.csproj", "{475BF9E0-5671-42DD-9D21-B940F9854AB9}"
EndProject
Project("{2150E333-8FDC-42A3-9474-1A3956D46DE8}") = "TDDWebAppWithTests", "TDDWebAppWithTests", "{3D6AC850-AB7C-497E-9364-6EDB0D191114}"
EndProject
Project("{9A19103F-16F7-4668-BE54-9A1E7A4F7556}") = "ProductApp", "..\ProductApp\ProductApp.csproj", "{E405DEB7-0DFC-4FC5-80C0-AE86E30A8AAC}"
EndProject
Project("{9A19103F-16F7-4668-BE54-9A1E7A4F7556}") = "Product_TestProject", "..\Product_TestProject\Product_TestProject.csproj", "{0DE1E89C-B7A1-43D0-999F-4B17CDCD38FC}"
EndProject
Project("{2150E333-8FDC-42A3-9474-1A3956D46DE8}") = "IsEARCH", "IsEARCH", "{95EE5D50-38BE-4DF2-97B3-02AA56F9E634}"
EndProject
Project("{9A19103F-16F7-4668-BE54-9A1E7A4F7556}") = "AdvanceSearchConsoleApp", "..\AdvanceSearchConsoleApp\AdvanceSearchConsoleApp.csproj", "{6E3B9F6E-0C3E-4C32-85D9-6111BD19202A}"
EndProject
Project("{9A19103F-16F7-4668-BE54-9A1E7A4F7556}") = "WebApplicationSearch", "..\WebApplicationSearch\WebApplicationSearch.csproj", "{EC185A1F-41C9-4CED-9FA6-90C244221287}"
EndProject
Project("{9A19103F-16F7-4668-BE54-9A1E7A4F7556}") = "Hactaton", "..\Hactaton\Hactaton.csproj", "{425781D0-EFF6-46D1-84E7-229803D4E7C1}"
EndProject
Project("{2150E333-8FDC-42A3-9474-1A3956D46DE8}") = "HackerRank", "HackerRank", "{62FEF438-189C-4D26-9691-219F8C2BA2AB}"
EndProject
Project("{9A19103F-16F7-4668-BE54-9A1E7A4F7556}") = "App1", "..\App1\App1.csproj", "{5857BD61-93AD-441F-BEEA-7BC91BDF7391}"
EndProject
Project("{9A19103F-16F7-4668-BE54-9A1E7A4F7556}") = "ComparisionSortedApp1", "..\ComparisionSortedApp1\ComparisionSortedApp1.csproj", "{585FD7F9-A0B0-4467-8A33-32A96E6FB381}"
EndProject
Project("{9A19103F-16F7-4668-BE54-9A1E7A4F7556}") = "ZigZag", "..\ZigZag\ZigZag.csproj", "{B26E7172-24E2-45E0-A549-49AD039874A8}"
EndProject
Project("{9A19103F-16F7-4668-BE54-9A1E7A4F7556}") = "TowerBreakerGame", "..\TowerBreakerGame\TowerBreakerGame.csproj", "{664D8D94-0494-4A04-9A6B-DE821042E947}"
EndProject
Project("{9A19103F-16F7-4668-BE54-9A1E7A4F7556}") = "SortListStringOrderByApp", "..\SortListStringOrderByApp\SortListStringOrderByApp.csproj", "{DD420D9A-E54A-4CCF-9AAA-2A40C784D8E0}"
EndProject
Project("{9A19103F-16F7-4668-BE54-9A1E7A4F7556}") = "CyperTextProject", "..\CyperTextProject\CyperTextProject.csproj", "{4AC89F61-F5B2-4736-ADEA-E696AD572533}"
EndProject
Project("{2150E333-8FDC-42A3-9474-1A3956D46DE8}") = "Accurx", "Accurx", "{0E7B34E9-4924-48AC-921A-BA59FDB5F616}"
EndProject
Project("{9A19103F-16F7-4668-BE54-9A1E7A4F7556}") = "Accurax-filedownloaderApp", "..\Accurax-filedownloaderApp\Accurax-filedownloaderApp.csproj", "{9110DF74-9B08-4876-BCAD-F209D52532BB}"
EndProject
Project("{9A19103F-16F7-4668-BE54-9A1E7A4F7556}") = "TestProject1", "..\TestProject1\TestProject1.csproj", "{22147681-7695-444E-93F6-696F1F4BC2E0}"
EndProject
Project("{FAE04EC0-301F-11D3-BF4B-00C04F79EFBC}") = "SquareGrid", "..\SquareGrid\SquareGrid.csproj", "{7AED0E20-59DC-4F66-85DE-863DB3B690B9}"
EndProject
Project("{FAE04EC0-301F-11D3-BF4B-00C04F79EFBC}") = "RecursiveDigit", "..\RecursiveDigit\RecursiveDigit.csproj", "{9101536E-5015-475D-A8A9-A83495E5F4A0}"
EndProject
Project("{FAE04EC0-301F-11D3-BF4B-00C04F79EFBC}") = "BribeConsoleApp", "..\BribeConsoleApp\BribeConsoleApp.csproj", "{61FF23D7-93F9-42D9-A4E2-28C8555BAE2C}"
EndProject
Project("{2150E333-8FDC-42A3-9474-1A3956D46DE8}") = "HANGFIRE-BACKGROUNDJOB", "HANGFIRE-BACKGROUNDJOB", "{9D451BCE-F132-4164-8FC9-6FD7E12E6352}"
EndProject
Project("{FAE04EC0-301F-11D3-BF4B-00C04F79EFBC}") = "HangFireDemo_App", "..\HangFireDemo_App\HangFireDemo_App.csproj", "{902F81F3-268C-423A-94EA-EBB514EE8ED1}"
EndProject
Project("{FAE04EC0-301F-11D3-BF4B-00C04F79EFBC}") = "SortedLinkListApp", "..\SortedLinkListApp\SortedLinkListApp.csproj", "{8DFB0BE7-7F0E-4760-850E-C2FCA0B0BB24}"
EndProject
Global
	GlobalSection(SolutionConfigurationPlatforms) = preSolution
		Debug|Any CPU = Debug|Any CPU
		Release|Any CPU = Release|Any CPU
	EndGlobalSection
	GlobalSection(ProjectConfigurationPlatforms) = postSolution
		{15FFF9A1-BA74-43A7-9912-CA34BD395C79}.Debug|Any CPU.ActiveCfg = Debug|Any CPU
		{15FFF9A1-BA74-43A7-9912-CA34BD395C79}.Debug|Any CPU.Build.0 = Debug|Any CPU
		{15FFF9A1-BA74-43A7-9912-CA34BD395C79}.Release|Any CPU.ActiveCfg = Release|Any CPU
		{15FFF9A1-BA74-43A7-9912-CA34BD395C79}.Release|Any CPU.Build.0 = Release|Any CPU
		{0F246526-C668-46D5-9F49-DCC999D977BE}.Debug|Any CPU.ActiveCfg = Debug|Any CPU
		{0F246526-C668-46D5-9F49-DCC999D977BE}.Debug|Any CPU.Build.0 = Debug|Any CPU
		{0F246526-C668-46D5-9F49-DCC999D977BE}.Release|Any CPU.ActiveCfg = Release|Any CPU
		{0F246526-C668-46D5-9F49-DCC999D977BE}.Release|Any CPU.Build.0 = Release|Any CPU
		{0175C4A1-321E-4F0F-8745-EEDD2BD2F8BF}.Debug|Any CPU.ActiveCfg = Debug|Any CPU
		{0175C4A1-321E-4F0F-8745-EEDD2BD2F8BF}.Debug|Any CPU.Build.0 = Debug|Any CPU
		{0175C4A1-321E-4F0F-8745-EEDD2BD2F8BF}.Release|Any CPU.ActiveCfg = Release|Any CPU
		{0175C4A1-321E-4F0F-8745-EEDD2BD2F8BF}.Release|Any CPU.Build.0 = Release|Any CPU
		{3CAFDB4F-8C08-4780-A9A8-1CC5A3402934}.Debug|Any CPU.ActiveCfg = Debug|Any CPU
		{3CAFDB4F-8C08-4780-A9A8-1CC5A3402934}.Debug|Any CPU.Build.0 = Debug|Any CPU
		{3CAFDB4F-8C08-4780-A9A8-1CC5A3402934}.Release|Any CPU.ActiveCfg = Release|Any CPU
		{3CAFDB4F-8C08-4780-A9A8-1CC5A3402934}.Release|Any CPU.Build.0 = Release|Any CPU
		{4E8AAC40-4353-422D-BD0F-6A9A7BAA262D}.Debug|Any CPU.ActiveCfg = Debug|Any CPU
		{4E8AAC40-4353-422D-BD0F-6A9A7BAA262D}.Debug|Any CPU.Build.0 = Debug|Any CPU
		{4E8AAC40-4353-422D-BD0F-6A9A7BAA262D}.Release|Any CPU.ActiveCfg = Release|Any CPU
		{4E8AAC40-4353-422D-BD0F-6A9A7BAA262D}.Release|Any CPU.Build.0 = Release|Any CPU
		{7444502D-28B1-4355-8059-AC37A833CE6A}.Debug|Any CPU.ActiveCfg = Debug|Any CPU
		{7444502D-28B1-4355-8059-AC37A833CE6A}.Debug|Any CPU.Build.0 = Debug|Any CPU
		{7444502D-28B1-4355-8059-AC37A833CE6A}.Release|Any CPU.ActiveCfg = Release|Any CPU
		{7444502D-28B1-4355-8059-AC37A833CE6A}.Release|Any CPU.Build.0 = Release|Any CPU
		{76EF8847-3604-4036-9715-2695D0715D41}.Debug|Any CPU.ActiveCfg = Debug|Any CPU
		{76EF8847-3604-4036-9715-2695D0715D41}.Debug|Any CPU.Build.0 = Debug|Any CPU
		{76EF8847-3604-4036-9715-2695D0715D41}.Release|Any CPU.ActiveCfg = Release|Any CPU
		{76EF8847-3604-4036-9715-2695D0715D41}.Release|Any CPU.Build.0 = Release|Any CPU
		{E73CA7FB-79A6-4569-B9EB-7467FF11EAE5}.Debug|Any CPU.ActiveCfg = Debug|Any CPU
		{E73CA7FB-79A6-4569-B9EB-7467FF11EAE5}.Debug|Any CPU.Build.0 = Debug|Any CPU
		{E73CA7FB-79A6-4569-B9EB-7467FF11EAE5}.Release|Any CPU.ActiveCfg = Release|Any CPU
		{E73CA7FB-79A6-4569-B9EB-7467FF11EAE5}.Release|Any CPU.Build.0 = Release|Any CPU
		{7CED9C62-A6B3-4AD0-9405-100098E144F2}.Debug|Any CPU.ActiveCfg = Debug|Any CPU
		{7CED9C62-A6B3-4AD0-9405-100098E144F2}.Debug|Any CPU.Build.0 = Debug|Any CPU
		{7CED9C62-A6B3-4AD0-9405-100098E144F2}.Release|Any CPU.ActiveCfg = Release|Any CPU
		{7CED9C62-A6B3-4AD0-9405-100098E144F2}.Release|Any CPU.Build.0 = Release|Any CPU
		{475BF9E0-5671-42DD-9D21-B940F9854AB9}.Debug|Any CPU.ActiveCfg = Debug|Any CPU
		{475BF9E0-5671-42DD-9D21-B940F9854AB9}.Debug|Any CPU.Build.0 = Debug|Any CPU
		{475BF9E0-5671-42DD-9D21-B940F9854AB9}.Release|Any CPU.ActiveCfg = Release|Any CPU
		{475BF9E0-5671-42DD-9D21-B940F9854AB9}.Release|Any CPU.Build.0 = Release|Any CPU
		{E405DEB7-0DFC-4FC5-80C0-AE86E30A8AAC}.Debug|Any CPU.ActiveCfg = Debug|Any CPU
		{E405DEB7-0DFC-4FC5-80C0-AE86E30A8AAC}.Debug|Any CPU.Build.0 = Debug|Any CPU
		{E405DEB7-0DFC-4FC5-80C0-AE86E30A8AAC}.Release|Any CPU.ActiveCfg = Release|Any CPU
		{E405DEB7-0DFC-4FC5-80C0-AE86E30A8AAC}.Release|Any CPU.Build.0 = Release|Any CPU
		{0DE1E89C-B7A1-43D0-999F-4B17CDCD38FC}.Debug|Any CPU.ActiveCfg = Debug|Any CPU
		{0DE1E89C-B7A1-43D0-999F-4B17CDCD38FC}.Debug|Any CPU.Build.0 = Debug|Any CPU
		{0DE1E89C-B7A1-43D0-999F-4B17CDCD38FC}.Release|Any CPU.ActiveCfg = Release|Any CPU
		{0DE1E89C-B7A1-43D0-999F-4B17CDCD38FC}.Release|Any CPU.Build.0 = Release|Any CPU
		{6E3B9F6E-0C3E-4C32-85D9-6111BD19202A}.Debug|Any CPU.ActiveCfg = Debug|Any CPU
		{6E3B9F6E-0C3E-4C32-85D9-6111BD19202A}.Debug|Any CPU.Build.0 = Debug|Any CPU
		{6E3B9F6E-0C3E-4C32-85D9-6111BD19202A}.Release|Any CPU.ActiveCfg = Release|Any CPU
		{6E3B9F6E-0C3E-4C32-85D9-6111BD19202A}.Release|Any CPU.Build.0 = Release|Any CPU
		{EC185A1F-41C9-4CED-9FA6-90C244221287}.Debug|Any CPU.ActiveCfg = Debug|Any CPU
		{EC185A1F-41C9-4CED-9FA6-90C244221287}.Debug|Any CPU.Build.0 = Debug|Any CPU
		{EC185A1F-41C9-4CED-9FA6-90C244221287}.Release|Any CPU.ActiveCfg = Release|Any CPU
		{EC185A1F-41C9-4CED-9FA6-90C244221287}.Release|Any CPU.Build.0 = Release|Any CPU
		{425781D0-EFF6-46D1-84E7-229803D4E7C1}.Debug|Any CPU.ActiveCfg = Debug|Any CPU
		{425781D0-EFF6-46D1-84E7-229803D4E7C1}.Debug|Any CPU.Build.0 = Debug|Any CPU
		{425781D0-EFF6-46D1-84E7-229803D4E7C1}.Release|Any CPU.ActiveCfg = Release|Any CPU
		{425781D0-EFF6-46D1-84E7-229803D4E7C1}.Release|Any CPU.Build.0 = Release|Any CPU
		{5857BD61-93AD-441F-BEEA-7BC91BDF7391}.Debug|Any CPU.ActiveCfg = Debug|Any CPU
		{5857BD61-93AD-441F-BEEA-7BC91BDF7391}.Debug|Any CPU.Build.0 = Debug|Any CPU
		{5857BD61-93AD-441F-BEEA-7BC91BDF7391}.Release|Any CPU.ActiveCfg = Release|Any CPU
		{5857BD61-93AD-441F-BEEA-7BC91BDF7391}.Release|Any CPU.Build.0 = Release|Any CPU
		{585FD7F9-A0B0-4467-8A33-32A96E6FB381}.Debug|Any CPU.ActiveCfg = Debug|Any CPU
		{585FD7F9-A0B0-4467-8A33-32A96E6FB381}.Debug|Any CPU.Build.0 = Debug|Any CPU
		{585FD7F9-A0B0-4467-8A33-32A96E6FB381}.Release|Any CPU.ActiveCfg = Release|Any CPU
		{585FD7F9-A0B0-4467-8A33-32A96E6FB381}.Release|Any CPU.Build.0 = Release|Any CPU
		{B26E7172-24E2-45E0-A549-49AD039874A8}.Debug|Any CPU.ActiveCfg = Debug|Any CPU
		{B26E7172-24E2-45E0-A549-49AD039874A8}.Debug|Any CPU.Build.0 = Debug|Any CPU
		{B26E7172-24E2-45E0-A549-49AD039874A8}.Release|Any CPU.ActiveCfg = Release|Any CPU
		{B26E7172-24E2-45E0-A549-49AD039874A8}.Release|Any CPU.Build.0 = Release|Any CPU
		{664D8D94-0494-4A04-9A6B-DE821042E947}.Debug|Any CPU.ActiveCfg = Debug|Any CPU
		{664D8D94-0494-4A04-9A6B-DE821042E947}.Debug|Any CPU.Build.0 = Debug|Any CPU
		{664D8D94-0494-4A04-9A6B-DE821042E947}.Release|Any CPU.ActiveCfg = Release|Any CPU
		{664D8D94-0494-4A04-9A6B-DE821042E947}.Release|Any CPU.Build.0 = Release|Any CPU
		{DD420D9A-E54A-4CCF-9AAA-2A40C784D8E0}.Debug|Any CPU.ActiveCfg = Debug|Any CPU
		{DD420D9A-E54A-4CCF-9AAA-2A40C784D8E0}.Debug|Any CPU.Build.0 = Debug|Any CPU
		{DD420D9A-E54A-4CCF-9AAA-2A40C784D8E0}.Release|Any CPU.ActiveCfg = Release|Any CPU
		{DD420D9A-E54A-4CCF-9AAA-2A40C784D8E0}.Release|Any CPU.Build.0 = Release|Any CPU
		{4AC89F61-F5B2-4736-ADEA-E696AD572533}.Debug|Any CPU.ActiveCfg = Debug|Any CPU
		{4AC89F61-F5B2-4736-ADEA-E696AD572533}.Debug|Any CPU.Build.0 = Debug|Any CPU
		{4AC89F61-F5B2-4736-ADEA-E696AD572533}.Release|Any CPU.ActiveCfg = Release|Any CPU
		{4AC89F61-F5B2-4736-ADEA-E696AD572533}.Release|Any CPU.Build.0 = Release|Any CPU
		{9110DF74-9B08-4876-BCAD-F209D52532BB}.Debug|Any CPU.ActiveCfg = Debug|Any CPU
		{9110DF74-9B08-4876-BCAD-F209D52532BB}.Debug|Any CPU.Build.0 = Debug|Any CPU
		{9110DF74-9B08-4876-BCAD-F209D52532BB}.Release|Any CPU.ActiveCfg = Release|Any CPU
		{9110DF74-9B08-4876-BCAD-F209D52532BB}.Release|Any CPU.Build.0 = Release|Any CPU
		{22147681-7695-444E-93F6-696F1F4BC2E0}.Debug|Any CPU.ActiveCfg = Debug|Any CPU
		{22147681-7695-444E-93F6-696F1F4BC2E0}.Debug|Any CPU.Build.0 = Debug|Any CPU
		{22147681-7695-444E-93F6-696F1F4BC2E0}.Release|Any CPU.ActiveCfg = Release|Any CPU
		{22147681-7695-444E-93F6-696F1F4BC2E0}.Release|Any CPU.Build.0 = Release|Any CPU
		{7AED0E20-59DC-4F66-85DE-863DB3B690B9}.Debug|Any CPU.ActiveCfg = Debug|Any CPU
		{7AED0E20-59DC-4F66-85DE-863DB3B690B9}.Debug|Any CPU.Build.0 = Debug|Any CPU
		{7AED0E20-59DC-4F66-85DE-863DB3B690B9}.Release|Any CPU.ActiveCfg = Release|Any CPU
		{7AED0E20-59DC-4F66-85DE-863DB3B690B9}.Release|Any CPU.Build.0 = Release|Any CPU
		{9101536E-5015-475D-A8A9-A83495E5F4A0}.Debug|Any CPU.ActiveCfg = Debug|Any CPU
		{9101536E-5015-475D-A8A9-A83495E5F4A0}.Debug|Any CPU.Build.0 = Debug|Any CPU
		{9101536E-5015-475D-A8A9-A83495E5F4A0}.Release|Any CPU.ActiveCfg = Release|Any CPU
		{9101536E-5015-475D-A8A9-A83495E5F4A0}.Release|Any CPU.Build.0 = Release|Any CPU
		{61FF23D7-93F9-42D9-A4E2-28C8555BAE2C}.Debug|Any CPU.ActiveCfg = Debug|Any CPU
		{61FF23D7-93F9-42D9-A4E2-28C8555BAE2C}.Debug|Any CPU.Build.0 = Debug|Any CPU
		{61FF23D7-93F9-42D9-A4E2-28C8555BAE2C}.Release|Any CPU.ActiveCfg = Release|Any CPU
		{61FF23D7-93F9-42D9-A4E2-28C8555BAE2C}.Release|Any CPU.Build.0 = Release|Any CPU
		{902F81F3-268C-423A-94EA-EBB514EE8ED1}.Debug|Any CPU.ActiveCfg = Debug|Any CPU
		{902F81F3-268C-423A-94EA-EBB514EE8ED1}.Debug|Any CPU.Build.0 = Debug|Any CPU
		{902F81F3-268C-423A-94EA-EBB514EE8ED1}.Release|Any CPU.ActiveCfg = Release|Any CPU
		{902F81F3-268C-423A-94EA-EBB514EE8ED1}.Release|Any CPU.Build.0 = Release|Any CPU
		{8DFB0BE7-7F0E-4760-850E-C2FCA0B0BB24}.Debug|Any CPU.ActiveCfg = Debug|Any CPU
		{8DFB0BE7-7F0E-4760-850E-C2FCA0B0BB24}.Debug|Any CPU.Build.0 = Debug|Any CPU
		{8DFB0BE7-7F0E-4760-850E-C2FCA0B0BB24}.Release|Any CPU.ActiveCfg = Release|Any CPU
		{8DFB0BE7-7F0E-4760-850E-C2FCA0B0BB24}.Release|Any CPU.Build.0 = Release|Any CPU
	EndGlobalSection
	GlobalSection(SolutionProperties) = preSolution
		HideSolutionNode = FALSE
	EndGlobalSection
	GlobalSection(NestedProjects) = preSolution
		{E405DEB7-0DFC-4FC5-80C0-AE86E30A8AAC} = {3D6AC850-AB7C-497E-9364-6EDB0D191114}
		{0DE1E89C-B7A1-43D0-999F-4B17CDCD38FC} = {3D6AC850-AB7C-497E-9364-6EDB0D191114}
		{6E3B9F6E-0C3E-4C32-85D9-6111BD19202A} = {95EE5D50-38BE-4DF2-97B3-02AA56F9E634}
		{EC185A1F-41C9-4CED-9FA6-90C244221287} = {95EE5D50-38BE-4DF2-97B3-02AA56F9E634}
		{5857BD61-93AD-441F-BEEA-7BC91BDF7391} = {62FEF438-189C-4D26-9691-219F8C2BA2AB}
		{585FD7F9-A0B0-4467-8A33-32A96E6FB381} = {62FEF438-189C-4D26-9691-219F8C2BA2AB}
		{B26E7172-24E2-45E0-A549-49AD039874A8} = {62FEF438-189C-4D26-9691-219F8C2BA2AB}
		{664D8D94-0494-4A04-9A6B-DE821042E947} = {62FEF438-189C-4D26-9691-219F8C2BA2AB}
		{4AC89F61-F5B2-4736-ADEA-E696AD572533} = {62FEF438-189C-4D26-9691-219F8C2BA2AB}
		{9110DF74-9B08-4876-BCAD-F209D52532BB} = {0E7B34E9-4924-48AC-921A-BA59FDB5F616}
		{22147681-7695-444E-93F6-696F1F4BC2E0} = {0E7B34E9-4924-48AC-921A-BA59FDB5F616}
		{7AED0E20-59DC-4F66-85DE-863DB3B690B9} = {62FEF438-189C-4D26-9691-219F8C2BA2AB}
		{9101536E-5015-475D-A8A9-A83495E5F4A0} = {62FEF438-189C-4D26-9691-219F8C2BA2AB}
		{61FF23D7-93F9-42D9-A4E2-28C8555BAE2C} = {62FEF438-189C-4D26-9691-219F8C2BA2AB}
		{902F81F3-268C-423A-94EA-EBB514EE8ED1} = {9D451BCE-F132-4164-8FC9-6FD7E12E6352}
		{8DFB0BE7-7F0E-4760-850E-C2FCA0B0BB24} = {62FEF438-189C-4D26-9691-219F8C2BA2AB}
	EndGlobalSection
	GlobalSection(ExtensibilityGlobals) = postSolution
		SolutionGuid = {CAB2C07E-0B4E-4809-8D5A-76DB012BAC20}
	EndGlobalSection
EndGlobal
